
Microsoft Visual Studio Solution File, Format Version 12.00
# Visual Studio Version 17
VisualStudioVersion = 17.2.32616.157
MinimumVisualStudioVersion = 10.0.40219.1
Project("{9A19103F-16F7-4668-BE54-9A1E7A4F7556}") = "Sesion1", "Sesion1\Sesion1.csproj", "{F91310C9-65D4-4C64-AD58-D52C59841DA5}"
EndProject
Project("{2150E333-8FDC-42A3-9474-1A3956D46DE8}") = "Solution Items", "Solution Items", "{38E47D33-C775-4B81-B1D8-48D221D03D83}"
	ProjectSection(SolutionItems) = preProject
		.editorconfig = .editorconfig
	EndProjectSection
EndProject
Project("{FAE04EC0-301F-11D3-BF4B-00C04F79EFBC}") = "Sesion2", "Sesion2\Sesion2.csproj", "{0C677BE4-2B49-40B7-909A-578F61C31E10}"
EndProject
Global
	GlobalSection(SolutionConfigurationPlatforms) = preSolution
		Debug|Any CPU = Debug|Any CPU
		Release|Any CPU = Release|Any CPU
	EndGlobalSection
	GlobalSection(ProjectConfigurationPlatforms) = postSolution
		{F91310C9-65D4-4C64-AD58-D52C59841DA5}.Debug|Any CPU.ActiveCfg = Debug|Any CPU
		{F91310C9-65D4-4C64-AD58-D52C59841DA5}.Debug|Any CPU.Build.0 = Debug|Any CPU
		{F91310C9-65D4-4C64-AD58-D52C59841DA5}.Release|Any CPU.ActiveCfg = Release|Any CPU
		{F91310C9-65D4-4C64-AD58-D52C59841DA5}.Release|Any CPU.Build.0 = Release|Any CPU
		{0C677BE4-2B49-40B7-909A-578F61C31E10}.Debug|Any CPU.ActiveCfg = Debug|Any CPU
		{0C677BE4-2B49-40B7-909A-578F61C31E10}.Debug|Any CPU.Build.0 = Debug|Any CPU
		{0C677BE4-2B49-40B7-909A-578F61C31E10}.Release|Any CPU.ActiveCfg = Release|Any CPU
		{0C677BE4-2B49-40B7-909A-578F61C31E10}.Release|Any CPU.Build.0 = Release|Any CPU
	EndGlobalSection
	GlobalSection(SolutionProperties) = preSolution
		HideSolutionNode = FALSE
	EndGlobalSection
	GlobalSection(ExtensibilityGlobals) = postSolution
		SolutionGuid = {583F2741-316F-43DE-87D9-D0A909899C54}
	EndGlobalSection
EndGlobal
